// !$*UTF8*$!
{
	archiveVersion = 1;
	classes = {
	};
	objectVersion = 77;
	objects = {

/* Begin PBXContainerItemProxy section */
		D1FA07D62E568C3200DD1B31 /* PBXContainerItemProxy */ = {
			isa = PBXContainerItemProxy;
			containerPortal = D1FA07C02E568C3100DD1B31 /* Project object */;
			proxyType = 1;
			remoteGlobalIDString = D1FA07C72E568C3100DD1B31;
			remoteInfo = journalApp;
		};
		D1FA07E02E568C3200DD1B31 /* PBXContainerItemProxy */ = {
			isa = PBXContainerItemProxy;
			containerPortal = D1FA07C02E568C3100DD1B31 /* Project object */;
			proxyType = 1;
			remoteGlobalIDString = D1FA07C72E568C3100DD1B31;
			remoteInfo = journalApp;
		};
/* End PBXContainerItemProxy section */

/* Begin PBXFileReference section */
		D1FA07C82E568C3100DD1B31 /* journalApp.app */ = {isa = PBXFileReference; explicitFileType = wrapper.application; includeInIndex = 0; path = journalApp.app; sourceTree = BUILT_PRODUCTS_DIR; };
		D1FA07D52E568C3200DD1B31 /* journalAppTests.xctest */ = {isa = PBXFileReference; explicitFileType = wrapper.cfbundle; includeInIndex = 0; path = journalAppTests.xctest; sourceTree = BUILT_PRODUCTS_DIR; };
		D1FA07DF2E568C3200DD1B31 /* journalAppUITests.xctest */ = {isa = PBXFileReference; explicitFileType = wrapper.cfbundle; includeInIndex = 0; path = journalAppUITests.xctest; sourceTree = BUILT_PRODUCTS_DIR; };
/* End PBXFileReference section */

/* Begin PBXFileSystemSynchronizedRootGroup section */
		D1FA07CA2E568C3100DD1B31 /* journalApp */ = {
			isa = PBXFileSystemSynchronizedRootGroup;
			path = journalApp;
			sourceTree = "<group>";
		};
		D1FA07D82E568C3200DD1B31 /* journalAppTests */ = {
			isa = PBXFileSystemSynchronizedRootGroup;
			path = journalAppTests;
			sourceTree = "<group>";
		};
		D1FA07E22E568C3200DD1B31 /* journalAppUITests */ = {
			isa = PBXFileSystemSynchronizedRootGroup;
			path = journalAppUITests;
			sourceTree = "<group>";
		};
/* End PBXFileSystemSynchronizedRootGroup section */

/* Begin PBXFrameworksBuildPhase section */
		D1FA07C52E568C3100DD1B31 /* Frameworks */ = {
			isa = PBXFrameworksBuildPhase;
			buildActionMask = 2147483647;
			files = (
			);
			runOnlyForDeploymentPostprocessing = 0;
		};
		D1FA07D22E568C3200DD1B31 /* Frameworks */ = {
			isa = PBXFrameworksBuildPhase;
			buildActionMask = 2147483647;
			files = (
			);
			runOnlyForDeploymentPostprocessing = 0;
		};
		D1FA07DC2E568C3200DD1B31 /* Frameworks */ = {
			isa = PBXFrameworksBuildPhase;
			buildActionMask = 2147483647;
			files = (
			);
			runOnlyForDeploymentPostprocessing = 0;
		};
/* End PBXFrameworksBuildPhase section */

/* Begin PBXGroup section */
		D1FA07BF2E568C3100DD1B31 = {
			isa = PBXGroup;
			children = (
				D1FA07CA2E568C3100DD1B31 /* journalApp */,
				D1FA07D82E568C3200DD1B31 /* journalAppTests */,
				D1FA07E22E568C3200DD1B31 /* journalAppUITests */,
				D1FA07C92E568C3100DD1B31 /* Products */,
			);
			sourceTree = "<group>";
		};
		D1FA07C92E568C3100DD1B31 /* Products */ = {
			isa = PBXGroup;
			children = (
				D1FA07C82E568C3100DD1B31 /* journalApp.app */,
				D1FA07D52E568C3200DD1B31 /* journalAppTests.xctest */,
				D1FA07DF2E568C3200DD1B31 /* journalAppUITests.xctest */,
			);
			name = Products;
			sourceTree = "<group>";
		};
/* End PBXGroup section */

/* Begin PBXNativeTarget section */
		D1FA07C72E568C3100DD1B31 /* journalApp */ = {
			isa = PBXNativeTarget;
			buildConfigurationList = D1FA07E92E568C3200DD1B31 /* Build configuration list for PBXNativeTarget "journalApp" */;
			buildPhases = (
				D1FA07C42E568C3100DD1B31 /* Sources */,
				D1FA07C52E568C3100DD1B31 /* Frameworks */,
				D1FA07C62E568C3100DD1B31 /* Resources */,
			);
			buildRules = (
			);
			dependencies = (
			);
			fileSystemSynchronizedGroups = (
				D1FA07CA2E568C3100DD1B31 /* journalApp */,
			);
			name = journalApp;
			packageProductDependencies = (
			);
			productName = journalApp;
			productReference = D1FA07C82E568C3100DD1B31 /* journalApp.app */;
			productType = "com.apple.product-type.application";
		};
		D1FA07D42E568C3200DD1B31 /* journalAppTests */ = {
			isa = PBXNativeTarget;
			buildConfigurationList = D1FA07EC2E568C3200DD1B31 /* Build configuration list for PBXNativeTarget "journalAppTests" */;
			buildPhases = (
				D1FA07D12E568C3200DD1B31 /* Sources */,
				D1FA07D22E568C3200DD1B31 /* Frameworks */,
				D1FA07D32E568C3200DD1B31 /* Resources */,
			);
			buildRules = (
			);
			dependencies = (
				D1FA07D72E568C3200DD1B31 /* PBXTargetDependency */,
			);
			fileSystemSynchronizedGroups = (
				D1FA07D82E568C3200DD1B31 /* journalAppTests */,
			);
			name = journalAppTests;
			packageProductDependencies = (
			);
			productName = journalAppTests;
			productReference = D1FA07D52E568C3200DD1B31 /* journalAppTests.xctest */;
			productType = "com.apple.product-type.bundle.unit-test";
		};
		D1FA07DE2E568C3200DD1B31 /* journalAppUITests */ = {
			isa = PBXNativeTarget;
			buildConfigurationList = D1FA07EF2E568C3200DD1B31 /* Build configuration list for PBXNativeTarget "journalAppUITests" */;
			buildPhases = (
				D1FA07DB2E568C3200DD1B31 /* Sources */,
				D1FA07DC2E568C3200DD1B31 /* Frameworks */,
				D1FA07DD2E568C3200DD1B31 /* Resources */,
			);
			buildRules = (
			);
			dependencies = (
				D1FA07E12E568C3200DD1B31 /* PBXTargetDependency */,
			);
			fileSystemSynchronizedGroups = (
				D1FA07E22E568C3200DD1B31 /* journalAppUITests */,
			);
			name = journalAppUITests;
			packageProductDependencies = (
			);
			productName = journalAppUITests;
			productReference = D1FA07DF2E568C3200DD1B31 /* journalAppUITests.xctest */;
			productType = "com.apple.product-type.bundle.ui-testing";
		};
/* End PBXNativeTarget section */

/* Begin PBXProject section */
		D1FA07C02E568C3100DD1B31 /* Project object */ = {
			isa = PBXProject;
			attributes = {
				BuildIndependentTargetsInParallel = 1;
				LastSwiftUpdateCheck = 1640;
				LastUpgradeCheck = 1640;
				TargetAttributes = {
					D1FA07C72E568C3100DD1B31 = {
						CreatedOnToolsVersion = 16.4;
					};
					D1FA07D42E568C3200DD1B31 = {
						CreatedOnToolsVersion = 16.4;
						TestTargetID = D1FA07C72E568C3100DD1B31;
					};
					D1FA07DE2E568C3200DD1B31 = {
						CreatedOnToolsVersion = 16.4;
						TestTargetID = D1FA07C72E568C3100DD1B31;
					};
				};
			};
			buildConfigurationList = D1FA07C32E568C3100DD1B31 /* Build configuration list for PBXProject "journalApp" */;
			developmentRegion = en;
			hasScannedForEncodings = 0;
			knownRegions = (
				en,
				Base,
			);
			mainGroup = D1FA07BF2E568C3100DD1B31;
			minimizedProjectReferenceProxies = 1;
			preferredProjectObjectVersion = 77;
			productRefGroup = D1FA07C92E568C3100DD1B31 /* Products */;
			projectDirPath = "";
			projectRoot = "";
			targets = (
				D1FA07C72E568C3100DD1B31 /* journalApp */,
				D1FA07D42E568C3200DD1B31 /* journalAppTests */,
				D1FA07DE2E568C3200DD1B31 /* journalAppUITests */,
			);
		};
/* End PBXProject section */

/* Begin PBXResourcesBuildPhase section */
		D1FA07C62E568C3100DD1B31 /* Resources */ = {
			isa = PBXResourcesBuildPhase;
			buildActionMask = 2147483647;
			files = (
			);
			runOnlyForDeploymentPostprocessing = 0;
		};
		D1FA07D32E568C3200DD1B31 /* Resources */ = {
			isa = PBXResourcesBuildPhase;
			buildActionMask = 2147483647;
			files = (
			);
			runOnlyForDeploymentPostprocessing = 0;
		};
		D1FA07DD2E568C3200DD1B31 /* Resources */ = {
			isa = PBXResourcesBuildPhase;
			buildActionMask = 2147483647;
			files = (
			);
			runOnlyForDeploymentPostprocessing = 0;
		};
/* End PBXResourcesBuildPhase section */

/* Begin PBXSourcesBuildPhase section */
		D1FA07C42E568C3100DD1B31 /* Sources */ = {
			isa = PBXSourcesBuildPhase;
			buildActionMask = 2147483647;
			files = (
			);
			runOnlyForDeploymentPostprocessing = 0;
		};
		D1FA07D12E568C3200DD1B31 /* Sources */ = {
			isa = PBXSourcesBuildPhase;
			buildActionMask = 2147483647;
			files = (
			);
			runOnlyForDeploymentPostprocessing = 0;
		};
		D1FA07DB2E568C3200DD1B31 /* Sources */ = {
			isa = PBXSourcesBuildPhase;
			buildActionMask = 2147483647;
			files = (
			);
			runOnlyForDeploymentPostprocessing = 0;
		};
/* End PBXSourcesBuildPhase section */

/* Begin PBXTargetDependency section */
		D1FA07D72E568C3200DD1B31 /* PBXTargetDependency */ = {
			isa = PBXTargetDependency;
			target = D1FA07C72E568C3100DD1B31 /* journalApp */;
			targetProxy = D1FA07D62E568C3200DD1B31 /* PBXContainerItemProxy */;
		};
		D1FA07E12E568C3200DD1B31 /* PBXTargetDependency */ = {
			isa = PBXTargetDependency;
			target = D1FA07C72E568C3100DD1B31 /* journalApp */;
			targetProxy = D1FA07E02E568C3200DD1B31 /* PBXContainerItemProxy */;
		};
/* End PBXTargetDependency section */

/* Begin XCBuildConfiguration section */
		D1FA07E72E568C3200DD1B31 /* Debug */ = {
			isa = XCBuildConfiguration;
			buildSettings = {
				ALWAYS_SEARCH_USER_PATHS = NO;
				ASSETCATALOG_COMPILER_GENERATE_SWIFT_ASSET_SYMBOL_EXTENSIONS = YES;
				CLANG_ANALYZER_NONNULL = YES;
				CLANG_ANALYZER_NUMBER_OBJECT_CONVERSION = YES_AGGRESSIVE;
				CLANG_CXX_LANGUAGE_STANDARD = "gnu++20";
				CLANG_ENABLE_MODULES = YES;
				CLANG_ENABLE_OBJC_ARC = YES;
				CLANG_ENABLE_OBJC_WEAK = YES;
				CLANG_WARN_BLOCK_CAPTURE_AUTORELEASING = YES;
				CLANG_WARN_BOOL_CONVERSION = YES;
				CLANG_WARN_COMMA = YES;
				CLANG_WARN_CONSTANT_CONVERSION = YES;
				CLANG_WARN_DEPRECATED_OBJC_IMPLEMENTATIONS = YES;
				CLANG_WARN_DIRECT_OBJC_ISA_USAGE = YES_ERROR;
				CLANG_WARN_DOCUMENTATION_COMMENTS = YES;
				CLANG_WARN_EMPTY_BODY = YES;
				CLANG_WARN_ENUM_CONVERSION = YES;
				CLANG_WARN_INFINITE_RECURSION = YES;
				CLANG_WARN_INT_CONVERSION = YES;
				CLANG_WARN_NON_LITERAL_NULL_CONVERSION = YES;
				CLANG_WARN_OBJC_IMPLICIT_RETAIN_SELF = YES;
				CLANG_WARN_OBJC_LITERAL_CONVERSION = YES;
				CLANG_WARN_OBJC_ROOT_CLASS = YES_ERROR;
				CLANG_WARN_QUOTED_INCLUDE_IN_FRAMEWORK_HEADER = YES;
				CLANG_WARN_RANGE_LOOP_ANALYSIS = YES;
				CLANG_WARN_STRICT_PROTOTYPES = YES;
				CLANG_WARN_SUSPICIOUS_MOVE = YES;
				CLANG_WARN_UNGUARDED_AVAILABILITY = YES_AGGRESSIVE;
				CLANG_WARN_UNREACHABLE_CODE = YES;
				CLANG_WARN__DUPLICATE_METHOD_MATCH = YES;
				COPY_PHASE_STRIP = NO;
				DEBUG_INFORMATION_FORMAT = dwarf;
				ENABLE_STRICT_OBJC_MSGSEND = YES;
				ENABLE_TESTABILITY = YES;
				ENABLE_USER_SCRIPT_SANDBOXING = YES;
				GCC_C_LANGUAGE_STANDARD = gnu17;
				GCC_DYNAMIC_NO_PIC = NO;
				GCC_NO_COMMON_BLOCKS = YES;
				GCC_OPTIMIZATION_LEVEL = 0;
				GCC_PREPROCESSOR_DEFINITIONS = (
					"DEBUG=1",
					"$(inherited)",
				);
				GCC_WARN_64_TO_32_BIT_CONVERSION = YES;
				GCC_WARN_ABOUT_RETURN_TYPE = YES_ERROR;
				GCC_WARN_UNDECLARED_SELECTOR = YES;
				GCC_WARN_UNINITIALIZED_AUTOS = YES_AGGRESSIVE;
				GCC_WARN_UNUSED_FUNCTION = YES;
				GCC_WARN_UNUSED_VARIABLE = YES;
				IPHONEOS_DEPLOYMENT_TARGET = 18.5;
				LOCALIZATION_PREFERS_STRING_CATALOGS = YES;
				MTL_ENABLE_DEBUG_INFO = INCLUDE_SOURCE;
				MTL_FAST_MATH = YES;
				ONLY_ACTIVE_ARCH = YES;
				SDKROOT = iphoneos;
				SWIFT_ACTIVE_COMPILATION_CONDITIONS = "DEBUG $(inherited)";
				SWIFT_OPTIMIZATION_LEVEL = "-Onone";
			};
			name = Debug;
		};
		D1FA07E82E568C3200DD1B31 /* Release */ = {
			isa = XCBuildConfiguration;
			buildSettings = {
				ALWAYS_SEARCH_USER_PATHS = NO;
				ASSETCATALOG_COMPILER_GENERATE_SWIFT_ASSET_SYMBOL_EXTENSIONS = YES;
				CLANG_ANALYZER_NONNULL = YES;
				CLANG_ANALYZER_NUMBER_OBJECT_CONVERSION = YES_AGGRESSIVE;
				CLANG_CXX_LANGUAGE_STANDARD = "gnu++20";
				CLANG_ENABLE_MODULES = YES;
				CLANG_ENABLE_OBJC_ARC = YES;
				CLANG_ENABLE_OBJC_WEAK = YES;
				CLANG_WARN_BLOCK_CAPTURE_AUTORELEASING = YES;
				CLANG_WARN_BOOL_CONVERSION = YES;
				CLANG_WARN_COMMA = YES;
				CLANG_WARN_CONSTANT_CONVERSION = YES;
				CLANG_WARN_DEPRECATED_OBJC_IMPLEMENTATIONS = YES;
				CLANG_WARN_DIRECT_OBJC_ISA_USAGE = YES_ERROR;
				CLANG_WARN_DOCUMENTATION_COMMENTS = YES;
				CLANG_WARN_EMPTY_BODY = YES;
				CLANG_WARN_ENUM_CONVERSION = YES;
				CLANG_WARN_INFINITE_RECURSION = YES;
				CLANG_WARN_INT_CONVERSION = YES;
				CLANG_WARN_NON_LITERAL_NULL_CONVERSION = YES;
				CLANG_WARN_OBJC_IMPLICIT_RETAIN_SELF = YES;
				CLANG_WARN_OBJC_LITERAL_CONVERSION = YES;
				CLANG_WARN_OBJC_ROOT_CLASS = YES_ERROR;
				CLANG_WARN_QUOTED_INCLUDE_IN_FRAMEWORK_HEADER = YES;
				CLANG_WARN_RANGE_LOOP_ANALYSIS = YES;
				CLANG_WARN_STRICT_PROTOTYPES = YES;
				CLANG_WARN_SUSPICIOUS_MOVE = YES;
				CLANG_WARN_UNGUARDED_AVAILABILITY = YES_AGGRESSIVE;
				CLANG_WARN_UNREACHABLE_CODE = YES;
				CLANG_WARN__DUPLICATE_METHOD_MATCH = YES;
				COPY_PHASE_STRIP = NO;
				DEBUG_INFORMATION_FORMAT = "dwarf-with-dsym";
				ENABLE_NS_ASSERTIONS = NO;
				ENABLE_STRICT_OBJC_MSGSEND = YES;
				ENABLE_USER_SCRIPT_SANDBOXING = YES;
				GCC_C_LANGUAGE_STANDARD = gnu17;
				GCC_NO_COMMON_BLOCKS = YES;
				GCC_WARN_64_TO_32_BIT_CONVERSION = YES;
				GCC_WARN_ABOUT_RETURN_TYPE = YES_ERROR;
				GCC_WARN_UNDECLARED_SELECTOR = YES;
				GCC_WARN_UNINITIALIZED_AUTOS = YES_AGGRESSIVE;
				GCC_WARN_UNUSED_FUNCTION = YES;
				GCC_WARN_UNUSED_VARIABLE = YES;
				IPHONEOS_DEPLOYMENT_TARGET = 18.5;
				LOCALIZATION_PREFERS_STRING_CATALOGS = YES;
				MTL_ENABLE_DEBUG_INFO = NO;
				MTL_FAST_MATH = YES;
				SDKROOT = iphoneos;
				SWIFT_COMPILATION_MODE = wholemodule;
				VALIDATE_PRODUCT = YES;
			};
			name = Release;
		};
		D1FA07EA2E568C3200DD1B31 /* Debug */ = {
			isa = XCBuildConfiguration;
			buildSettings = {
				ASSETCATALOG_COMPILER_APPICON_NAME = AppIcon;
				ASSETCATALOG_COMPILER_GLOBAL_ACCENT_COLOR_NAME = AccentColor;
				CODE_SIGN_STYLE = Automatic;
				CURRENT_PROJECT_VERSION = 1;
				ENABLE_PREVIEWS = YES;
				GENERATE_INFOPLIST_FILE = YES;
				INFOPLIST_KEY_UIApplicationSceneManifest_Generation = YES;
				INFOPLIST_KEY_UIApplicationSupportsIndirectInputEvents = YES;
				INFOPLIST_KEY_UILaunchScreen_Generation = YES;
				INFOPLIST_KEY_UISupportedInterfaceOrientations_iPad = "UIInterfaceOrientationPortrait UIInterfaceOrientationPortraitUpsideDown UIInterfaceOrientationLandscapeLeft UIInterfaceOrientationLandscapeRight";
				INFOPLIST_KEY_UISupportedInterfaceOrientations_iPhone = "UIInterfaceOrientationPortrait UIInterfaceOrientationLandscapeLeft UIInterfaceOrientationLandscapeRight";
				LD_RUNPATH_SEARCH_PATHS = (
					"$(inherited)",
					"@executable_path/Frameworks",
				);
				MARKETING_VERSION = 1.0;
				PRODUCT_BUNDLE_IDENTIFIER = com.kaileyliou.journalApp;
				PRODUCT_NAME = "$(TARGET_NAME)";
				SWIFT_EMIT_LOC_STRINGS = YES;
				SWIFT_VERSION = 5.0;
				TARGETED_DEVICE_FAMILY = "1,2";
			};
			name = Debug;
		};
		D1FA07EB2E568C3200DD1B31 /* Release */ = {
			isa = XCBuildConfiguration;
			buildSettings = {
				ASSETCATALOG_COMPILER_APPICON_NAME = AppIcon;
				ASSETCATALOG_COMPILER_GLOBAL_ACCENT_COLOR_NAME = AccentColor;
				CODE_SIGN_STYLE = Automatic;
				CURRENT_PROJECT_VERSION = 1;
				ENABLE_PREVIEWS = YES;
				GENERATE_INFOPLIST_FILE = YES;
				INFOPLIST_KEY_UIApplicationSceneManifest_Generation = YES;
				INFOPLIST_KEY_UIApplicationSupportsIndirectInputEvents = YES;
				INFOPLIST_KEY_UILaunchScreen_Generation = YES;
				INFOPLIST_KEY_UISupportedInterfaceOrientations_iPad = "UIInterfaceOrientationPortrait UIInterfaceOrientationPortraitUpsideDown UIInterfaceOrientationLandscapeLeft UIInterfaceOrientationLandscapeRight";
				INFOPLIST_KEY_UISupportedInterfaceOrientations_iPhone = "UIInterfaceOrientationPortrait UIInterfaceOrientationLandscapeLeft UIInterfaceOrientationLandscapeRight";
				LD_RUNPATH_SEARCH_PATHS = (
					"$(inherited)",
					"@executable_path/Frameworks",
				);
				MARKETING_VERSION = 1.0;
				PRODUCT_BUNDLE_IDENTIFIER = com.kaileyliou.journalApp;
				PRODUCT_NAME = "$(TARGET_NAME)";
				SWIFT_EMIT_LOC_STRINGS = YES;
				SWIFT_VERSION = 5.0;
				TARGETED_DEVICE_FAMILY = "1,2";
			};
			name = Release;
		};
		D1FA07ED2E568C3200DD1B31 /* Debug */ = {
			isa = XCBuildConfiguration;
			buildSettings = {
				BUNDLE_LOADER = "$(TEST_HOST)";
				CODE_SIGN_STYLE = Automatic;
				CURRENT_PROJECT_VERSION = 1;
				GENERATE_INFOPLIST_FILE = YES;
				IPHONEOS_DEPLOYMENT_TARGET = 18.5;
				MARKETING_VERSION = 1.0;
				PRODUCT_BUNDLE_IDENTIFIER = com.kaileyliou.journalAppTests;
				PRODUCT_NAME = "$(TARGET_NAME)";
				SWIFT_EMIT_LOC_STRINGS = NO;
				SWIFT_VERSION = 5.0;
				TARGETED_DEVICE_FAMILY = "1,2";
				TEST_HOST = "$(BUILT_PRODUCTS_DIR)/journalApp.app/$(BUNDLE_EXECUTABLE_FOLDER_PATH)/journalApp";
			};
			name = Debug;
		};
		D1FA07EE2E568C3200DD1B31 /* Release */ = {
			isa = XCBuildConfiguration;
			buildSettings = {
				BUNDLE_LOADER = "$(TEST_HOST)";
				CODE_SIGN_STYLE = Automatic;
				CURRENT_PROJECT_VERSION = 1;
				GENERATE_INFOPLIST_FILE = YES;
				IPHONEOS_DEPLOYMENT_TARGET = 18.5;
				MARKETING_VERSION = 1.0;
				PRODUCT_BUNDLE_IDENTIFIER = com.kaileyliou.journalAppTests;
				PRODUCT_NAME = "$(TARGET_NAME)";
				SWIFT_EMIT_LOC_STRINGS = NO;
				SWIFT_VERSION = 5.0;
				TARGETED_DEVICE_FAMILY = "1,2";
				TEST_HOST = "$(BUILT_PRODUCTS_DIR)/journalApp.app/$(BUNDLE_EXECUTABLE_FOLDER_PATH)/journalApp";
			};
			name = Release;
		};
		D1FA07F02E568C3200DD1B31 /* Debug */ = {
			isa = XCBuildConfiguration;
			buildSettings = {
				CODE_SIGN_STYLE = Automatic;
				CURRENT_PROJECT_VERSION = 1;
				GENERATE_INFOPLIST_FILE = YES;
				MARKETING_VERSION = 1.0;
				PRODUCT_BUNDLE_IDENTIFIER = com.kaileyliou.journalAppUITests;
				PRODUCT_NAME = "$(TARGET_NAME)";
				SWIFT_EMIT_LOC_STRINGS = NO;
				SWIFT_VERSION = 5.0;
				TARGETED_DEVICE_FAMILY = "1,2";
				TEST_TARGET_NAME = journalApp;
			};
			name = Debug;
		};
		D1FA07F12E568C3200DD1B31 /* Release */ = {
			isa = XCBuildConfiguration;
			buildSettings = {
				CODE_SIGN_STYLE = Automatic;
				CURRENT_PROJECT_VERSION = 1;
				GENERATE_INFOPLIST_FILE = YES;
				MARKETING_VERSION = 1.0;
				PRODUCT_BUNDLE_IDENTIFIER = com.kaileyliou.journalAppUITests;
				PRODUCT_NAME = "$(TARGET_NAME)";
				SWIFT_EMIT_LOC_STRINGS = NO;
				SWIFT_VERSION = 5.0;
				TARGETED_DEVICE_FAMILY = "1,2";
				TEST_TARGET_NAME = journalApp;
			};
			name = Release;
		};
/* End XCBuildConfiguration section */

/* Begin XCConfigurationList section */
		D1FA07C32E568C3100DD1B31 /* Build configuration list for PBXProject "journalApp" */ = {
			isa = XCConfigurationList;
			buildConfigurations = (
				D1FA07E72E568C3200DD1B31 /* Debug */,
				D1FA07E82E568C3200DD1B31 /* Release */,
			);
			defaultConfigurationIsVisible = 0;
			defaultConfigurationName = Release;
		};
		D1FA07E92E568C3200DD1B31 /* Build configuration list for PBXNativeTarget "journalApp" */ = {
			isa = XCConfigurationList;
			buildConfigurations = (
				D1FA07EA2E568C3200DD1B31 /* Debug */,
				D1FA07EB2E568C3200DD1B31 /* Release */,
			);
			defaultConfigurationIsVisible = 0;
			defaultConfigurationName = Release;
		};
		D1FA07EC2E568C3200DD1B31 /* Build configuration list for PBXNativeTarget "journalAppTests" */ = {
			isa = XCConfigurationList;
			buildConfigurations = (
				D1FA07ED2E568C3200DD1B31 /* Debug */,
				D1FA07EE2E568C3200DD1B31 /* Release */,
			);
			defaultConfigurationIsVisible = 0;
			defaultConfigurationName = Release;
		};
		D1FA07EF2E568C3200DD1B31 /* Build configuration list for PBXNativeTarget "journalAppUITests" */ = {
			isa = XCConfigurationList;
			buildConfigurations = (
				D1FA07F02E568C3200DD1B31 /* Debug */,
				D1FA07F12E568C3200DD1B31 /* Release */,
			);
			defaultConfigurationIsVisible = 0;
			defaultConfigurationName = Release;
		};
/* End XCConfigurationList section */
	};
	rootObject = D1FA07C02E568C3100DD1B31 /* Project object */;
}
